
Microsoft Visual Studio Solution File, Format Version 12.00
# Visual Studio 15
VisualStudioVersion = 15.0.27130.2010
MinimumVisualStudioVersion = 10.0.40219.1
Project("{FAE04EC0-301F-11D3-BF4B-00C04F79EFBC}") = "BcrCell", "BcrCell\BcrCell.csproj", "{4D6B88A7-9828-4D56-AFB0-0C6C764FCB0A}"
EndProject
Project("{FAE04EC0-301F-11D3-BF4B-00C04F79EFBC}") = "MiBcrLib", "MiBcrLib\MiBcrLib.csproj", "{66BFD819-B615-4866-A2FF-9CA47D4FF679}"
EndProject
Global
	GlobalSection(SolutionConfigurationPlatforms) = preSolution
		Debug|Any CPU = Debug|Any CPU
		Release|Any CPU = Release|Any CPU
	EndGlobalSection
	GlobalSection(ProjectConfigurationPlatforms) = postSolution
		{4D6B88A7-9828-4D56-AFB0-0C6C764FCB0A}.Debug|Any CPU.ActiveCfg = Debug|Any CPU
		{4D6B88A7-9828-4D56-AFB0-0C6C764FCB0A}.Debug|Any CPU.Build.0 = Debug|Any CPU
		{4D6B88A7-9828-4D56-AFB0-0C6C764FCB0A}.Release|Any CPU.ActiveCfg = Release|Any CPU
		{4D6B88A7-9828-4D56-AFB0-0C6C764FCB0A}.Release|Any CPU.Build.0 = Release|Any CPU
		{66BFD819-B615-4866-A2FF-9CA47D4FF679}.Debug|Any CPU.ActiveCfg = Debug|Any CPU
		{66BFD819-B615-4866-A2FF-9CA47D4FF679}.Debug|Any CPU.Build.0 = Debug|Any CPU
		{66BFD819-B615-4866-A2FF-9CA47D4FF679}.Release|Any CPU.ActiveCfg = Release|Any CPU
		{66BFD819-B615-4866-A2FF-9CA47D4FF679}.Release|Any CPU.Build.0 = Release|Any CPU
	EndGlobalSection
	GlobalSection(SolutionProperties) = preSolution
		HideSolutionNode = FALSE
	EndGlobalSection
	GlobalSection(ExtensibilityGlobals) = postSolution
		SolutionGuid = {6AD1D448-CE41-4C0C-8FEC-B633CB4F2A9C}
	EndGlobalSection
EndGlobal
